
Microsoft Visual Studio Solution File, Format Version 12.00
# Visual Studio Version 17
VisualStudioVersion = 17.13.35913.81
MinimumVisualStudioVersion = 10.0.40219.1
Project("{54A90642-561A-4BB1-A94E-469ADEE60C69}") = "LifeOptimizer.client", "lifeoptimizer.client\LifeOptimizer.client.esproj", "{6EF3FE70-00F6-4881-C4DB-79AF9AE41CCE}"
EndProject
Project("{FAE04EC0-301F-11D3-BF4B-00C04F79EFBC}") = "LifeOptimizer.Server", "LifeOptimizer.Server\LifeOptimizer.Server.csproj", "{61195055-0416-4C67-83F5-D9151D93154E}"
EndProject
Project("{FAE04EC0-301F-11D3-BF4B-00C04F79EFBC}") = "LifeOptimizer.Tests", "LifeOptimizer.Tests\LifeOptimizer.Tests.csproj", "{5500BF61-437B-4BBD-A57A-51A90FA2B54D}"
EndProject
Project("{FAE04EC0-301F-11D3-BF4B-00C04F79EFBC}") = "LifeOptimizer.Data", "LifeOptimizerData\LifeOptimizer.Data.csproj", "{2B93C0FF-E92F-4940-9B4C-8FA4EF1CC50C}"
EndProject
Project("{FAE04EC0-301F-11D3-BF4B-00C04F79EFBC}") = "LifeOptimizer.Domain", "LifeOptimizerDomain\LifeOptimizer.Domain.csproj", "{CF3BBEB2-C7C0-4A68-85F2-A7612FECC51E}"
EndProject
Project("{FAE04EC0-301F-11D3-BF4B-00C04F79EFBC}") = "LifeOptimizer.Console", "LifeOptimizer.Console\LifeOptimizer.Console.csproj", "{9EA038D0-EFA4-4561-A5CC-DECB869F3C17}"
EndProject
Global
	GlobalSection(SolutionConfigurationPlatforms) = preSolution
		Debug|Any CPU = Debug|Any CPU
		Release|Any CPU = Release|Any CPU
	EndGlobalSection
	GlobalSection(ProjectConfigurationPlatforms) = postSolution
		{6EF3FE70-00F6-4881-C4DB-79AF9AE41CCE}.Debug|Any CPU.ActiveCfg = Debug|Any CPU
		{6EF3FE70-00F6-4881-C4DB-79AF9AE41CCE}.Debug|Any CPU.Build.0 = Debug|Any CPU
		{6EF3FE70-00F6-4881-C4DB-79AF9AE41CCE}.Debug|Any CPU.Deploy.0 = Debug|Any CPU
		{6EF3FE70-00F6-4881-C4DB-79AF9AE41CCE}.Release|Any CPU.ActiveCfg = Release|Any CPU
		{6EF3FE70-00F6-4881-C4DB-79AF9AE41CCE}.Release|Any CPU.Build.0 = Release|Any CPU
		{6EF3FE70-00F6-4881-C4DB-79AF9AE41CCE}.Release|Any CPU.Deploy.0 = Release|Any CPU
		{61195055-0416-4C67-83F5-D9151D93154E}.Debug|Any CPU.ActiveCfg = Debug|Any CPU
		{61195055-0416-4C67-83F5-D9151D93154E}.Debug|Any CPU.Build.0 = Debug|Any CPU
		{61195055-0416-4C67-83F5-D9151D93154E}.Release|Any CPU.ActiveCfg = Release|Any CPU
		{61195055-0416-4C67-83F5-D9151D93154E}.Release|Any CPU.Build.0 = Release|Any CPU
		{5500BF61-437B-4BBD-A57A-51A90FA2B54D}.Debug|Any CPU.ActiveCfg = Debug|Any CPU
		{5500BF61-437B-4BBD-A57A-51A90FA2B54D}.Debug|Any CPU.Build.0 = Debug|Any CPU
		{5500BF61-437B-4BBD-A57A-51A90FA2B54D}.Release|Any CPU.ActiveCfg = Release|Any CPU
		{5500BF61-437B-4BBD-A57A-51A90FA2B54D}.Release|Any CPU.Build.0 = Release|Any CPU
		{2B93C0FF-E92F-4940-9B4C-8FA4EF1CC50C}.Debug|Any CPU.ActiveCfg = Debug|Any CPU
		{2B93C0FF-E92F-4940-9B4C-8FA4EF1CC50C}.Debug|Any CPU.Build.0 = Debug|Any CPU
		{2B93C0FF-E92F-4940-9B4C-8FA4EF1CC50C}.Release|Any CPU.ActiveCfg = Release|Any CPU
		{2B93C0FF-E92F-4940-9B4C-8FA4EF1CC50C}.Release|Any CPU.Build.0 = Release|Any CPU
		{CF3BBEB2-C7C0-4A68-85F2-A7612FECC51E}.Debug|Any CPU.ActiveCfg = Debug|Any CPU
		{CF3BBEB2-C7C0-4A68-85F2-A7612FECC51E}.Debug|Any CPU.Build.0 = Debug|Any CPU
		{CF3BBEB2-C7C0-4A68-85F2-A7612FECC51E}.Release|Any CPU.ActiveCfg = Release|Any CPU
		{CF3BBEB2-C7C0-4A68-85F2-A7612FECC51E}.Release|Any CPU.Build.0 = Release|Any CPU
		{9EA038D0-EFA4-4561-A5CC-DECB869F3C17}.Debug|Any CPU.ActiveCfg = Debug|Any CPU
		{9EA038D0-EFA4-4561-A5CC-DECB869F3C17}.Debug|Any CPU.Build.0 = Debug|Any CPU
		{9EA038D0-EFA4-4561-A5CC-DECB869F3C17}.Release|Any CPU.ActiveCfg = Release|Any CPU
		{9EA038D0-EFA4-4561-A5CC-DECB869F3C17}.Release|Any CPU.Build.0 = Release|Any CPU
	EndGlobalSection
	GlobalSection(SolutionProperties) = preSolution
		HideSolutionNode = FALSE
	EndGlobalSection
	GlobalSection(ExtensibilityGlobals) = postSolution
		SolutionGuid = {74918D04-79D7-4065-A292-B16FB22074D6}
	EndGlobalSection
EndGlobal
